
Microsoft Visual Studio Solution File, Format Version 12.00
# Visual Studio Version 17
VisualStudioVersion = 17.8.34525.116
MinimumVisualStudioVersion = 10.0.40219.1
Project("{8BC9CEB8-8B4A-11D0-8D11-00A0C91BC942}") = "LW2_ComputerGraphics", "LW2_ComputerGraphics.vcxproj", "{446634D3-7B94-413F-9D6E-812F2CCD56ED}"
EndProject
Global
	GlobalSection(SolutionConfigurationPlatforms) = preSolution
		Debug|x64 = Debug|x64
		Debug|x86 = Debug|x86
		Release|x64 = Release|x64
		Release|x86 = Release|x86
	EndGlobalSection
	GlobalSection(ProjectConfigurationPlatforms) = postSolution
		{446634D3-7B94-413F-9D6E-812F2CCD56ED}.Debug|x64.ActiveCfg = Debug|x64
		{446634D3-7B94-413F-9D6E-812F2CCD56ED}.Debug|x64.Build.0 = Debug|x64
		{446634D3-7B94-413F-9D6E-812F2CCD56ED}.Debug|x86.ActiveCfg = Debug|Win32
		{446634D3-7B94-413F-9D6E-812F2CCD56ED}.Debug|x86.Build.0 = Debug|Win32
		{446634D3-7B94-413F-9D6E-812F2CCD56ED}.Release|x64.ActiveCfg = Release|x64
		{446634D3-7B94-413F-9D6E-812F2CCD56ED}.Release|x64.Build.0 = Release|x64
		{446634D3-7B94-413F-9D6E-812F2CCD56ED}.Release|x86.ActiveCfg = Release|Win32
		{446634D3-7B94-413F-9D6E-812F2CCD56ED}.Release|x86.Build.0 = Release|Win32
	EndGlobalSection
	GlobalSection(SolutionProperties) = preSolution
		HideSolutionNode = FALSE
	EndGlobalSection
	GlobalSection(ExtensibilityGlobals) = postSolution
		SolutionGuid = {855BBF0B-CD14-4734-A92E-E6D2A6637036}
	EndGlobalSection
EndGlobal
